
Microsoft Visual Studio Solution File, Format Version 12.00
# Visual Studio Version 17
VisualStudioVersion = 17.5.33516.290
MinimumVisualStudioVersion = 10.0.40219.1
Project("{FAE04EC0-301F-11D3-BF4B-00C04F79EFBC}") = "NamPX.API", "NamPX.API\NamPX.API.csproj", "{C78147F4-1726-4B92-8425-81533E7F8250}"
EndProject
Global
	GlobalSection(SolutionConfigurationPlatforms) = preSolution
		Debug|Any CPU = Debug|Any CPU
		Release|Any CPU = Release|Any CPU
	EndGlobalSection
	GlobalSection(ProjectConfigurationPlatforms) = postSolution
		{C78147F4-1726-4B92-8425-81533E7F8250}.Debug|Any CPU.ActiveCfg = Debug|Any CPU
		{C78147F4-1726-4B92-8425-81533E7F8250}.Debug|Any CPU.Build.0 = Debug|Any CPU
		{C78147F4-1726-4B92-8425-81533E7F8250}.Release|Any CPU.ActiveCfg = Release|Any CPU
		{C78147F4-1726-4B92-8425-81533E7F8250}.Release|Any CPU.Build.0 = Release|Any CPU
	EndGlobalSection
	GlobalSection(SolutionProperties) = preSolution
		HideSolutionNode = FALSE
	EndGlobalSection
	GlobalSection(ExtensibilityGlobals) = postSolution
		SolutionGuid = {B77E4253-C63F-4F74-9BAD-6CB30041CE2E}
	EndGlobalSection
EndGlobal
